
Microsoft Visual Studio Solution File, Format Version 12.00
# Visual Studio 15
VisualStudioVersion = 15.0.26730.10
MinimumVisualStudioVersion = 10.0.40219.1
Project("{9A19103F-16F7-4668-BE54-9A1E7A4F7556}") = "PredictableCoding", "PredictableCoding.csproj", "{C4F3F2ED-27A0-403E-A41F-1C7D64EBD2E7}"
EndProject
Project("{FAE04EC0-301F-11D3-BF4B-00C04F79EFBC}") = "EasyToTestCode", "EasyToTestCode\EasyToTestCode.csproj", "{8ECE08C4-6400-4D44-B1B9-C9435665BF03}"
EndProject
Project("{FAE04EC0-301F-11D3-BF4B-00C04F79EFBC}") = "NamingIsHard_Code", "NamingIsHard_Code\NamingIsHard_Code.csproj", "{26349F71-D656-414F-AA7C-97F4E8AE700A}"
EndProject
Project("{2150E333-8FDC-42A3-9474-1A3956D46DE8}") = "AAC", "AAC", "{13CF590E-080E-413C-93FA-83E8F7574A6D}"
EndProject
Project("{2150E333-8FDC-42A3-9474-1A3956D46DE8}") = "Foundation", "Foundation", "{439A8F79-E845-4AD7-91B2-B65A31323C92}"
EndProject
Project("{2150E333-8FDC-42A3-9474-1A3956D46DE8}") = "Feature", "Feature", "{825B171C-B494-446A-88F9-AB2310B4B7D3}"
EndProject
Project("{2150E333-8FDC-42A3-9474-1A3956D46DE8}") = "Project", "Project", "{7EDDB895-24A5-4F7A-9AF8-4FD67C0E82FC}"
EndProject
Project("{2150E333-8FDC-42A3-9474-1A3956D46DE8}") = "EmailSrvc", "EmailSrvc", "{863A967B-4652-4CE4-923C-F111B1A45429}"
EndProject
Project("{2150E333-8FDC-42A3-9474-1A3956D46DE8}") = "EmailSrvc", "EmailSrvc", "{3B335CAC-5197-4FA0-B87F-32A50F27DD37}"
EndProject
Project("{2150E333-8FDC-42A3-9474-1A3956D46DE8}") = "EmailSrvc", "EmailSrvc", "{B6A95F25-2866-4A00-B472-0CBEDC2257CD}"
EndProject
Global
	GlobalSection(SolutionConfigurationPlatforms) = preSolution
		Debug|Any CPU = Debug|Any CPU
		Release|Any CPU = Release|Any CPU
	EndGlobalSection
	GlobalSection(ProjectConfigurationPlatforms) = postSolution
		{C4F3F2ED-27A0-403E-A41F-1C7D64EBD2E7}.Debug|Any CPU.ActiveCfg = Debug|Any CPU
		{C4F3F2ED-27A0-403E-A41F-1C7D64EBD2E7}.Debug|Any CPU.Build.0 = Debug|Any CPU
		{C4F3F2ED-27A0-403E-A41F-1C7D64EBD2E7}.Release|Any CPU.ActiveCfg = Release|Any CPU
		{C4F3F2ED-27A0-403E-A41F-1C7D64EBD2E7}.Release|Any CPU.Build.0 = Release|Any CPU
		{8ECE08C4-6400-4D44-B1B9-C9435665BF03}.Debug|Any CPU.ActiveCfg = Debug|Any CPU
		{8ECE08C4-6400-4D44-B1B9-C9435665BF03}.Debug|Any CPU.Build.0 = Debug|Any CPU
		{8ECE08C4-6400-4D44-B1B9-C9435665BF03}.Release|Any CPU.ActiveCfg = Release|Any CPU
		{8ECE08C4-6400-4D44-B1B9-C9435665BF03}.Release|Any CPU.Build.0 = Release|Any CPU
		{26349F71-D656-414F-AA7C-97F4E8AE700A}.Debug|Any CPU.ActiveCfg = Debug|Any CPU
		{26349F71-D656-414F-AA7C-97F4E8AE700A}.Debug|Any CPU.Build.0 = Debug|Any CPU
		{26349F71-D656-414F-AA7C-97F4E8AE700A}.Release|Any CPU.ActiveCfg = Release|Any CPU
		{26349F71-D656-414F-AA7C-97F4E8AE700A}.Release|Any CPU.Build.0 = Release|Any CPU
	EndGlobalSection
	GlobalSection(SolutionProperties) = preSolution
		HideSolutionNode = FALSE
	EndGlobalSection
	GlobalSection(NestedProjects) = preSolution
		{439A8F79-E845-4AD7-91B2-B65A31323C92} = {13CF590E-080E-413C-93FA-83E8F7574A6D}
		{825B171C-B494-446A-88F9-AB2310B4B7D3} = {13CF590E-080E-413C-93FA-83E8F7574A6D}
		{7EDDB895-24A5-4F7A-9AF8-4FD67C0E82FC} = {13CF590E-080E-413C-93FA-83E8F7574A6D}
		{863A967B-4652-4CE4-923C-F111B1A45429} = {439A8F79-E845-4AD7-91B2-B65A31323C92}
		{3B335CAC-5197-4FA0-B87F-32A50F27DD37} = {825B171C-B494-446A-88F9-AB2310B4B7D3}
		{B6A95F25-2866-4A00-B472-0CBEDC2257CD} = {7EDDB895-24A5-4F7A-9AF8-4FD67C0E82FC}
	EndGlobalSection
	GlobalSection(ExtensibilityGlobals) = postSolution
		SolutionGuid = {F6068340-9A21-490F-9963-9CAFCB39D8FD}
	EndGlobalSection
EndGlobal
